github.com/go-chi/chi/v5 v5.1.0 h1:acVI1TYaD+hhedDJ3r54HyA6sExp3HfXq7QWEEY/xMw=
github.com/go-chi/chi/v5 v5.1.0/go.mod h1:DslCQbL2OYiznFReuXYUmQ2hGd1aDpCnlMNITLSKoi8=
github.com/ikshantshukla123/jsonflex v1.1.0 h1:/Yv0Ua2XnN9hGjxztzJI/6bVz9yDyjKttxyQwh3lrHI=
github.com/ikshantshukla123/jsonflex v1.1.0/go.mod h1:NoRKV9QVCSvUK4Hz6uARCABBwdvu596AEpbQ2zr1N60=
